
Microsoft Visual Studio Solution File, Format Version 12.00
# Visual Studio Version 17
VisualStudioVersion = 17.4.33213.308
MinimumVisualStudioVersion = 10.0.40219.1
Project("{FAE04EC0-301F-11D3-BF4B-00C04F79EFBC}") = "CRUD- projekti", "CRUD- projekti\CRUD- projekti.csproj", "{A0B5C2D8-0061-4399-BAA2-36ACE343D869}"
EndProject
Global
	GlobalSection(SolutionConfigurationPlatforms) = preSolution
		Debug|Any CPU = Debug|Any CPU
		Release|Any CPU = Release|Any CPU
	EndGlobalSection
	GlobalSection(ProjectConfigurationPlatforms) = postSolution
		{A0B5C2D8-0061-4399-BAA2-36ACE343D869}.Debug|Any CPU.ActiveCfg = Debug|Any CPU
		{A0B5C2D8-0061-4399-BAA2-36ACE343D869}.Debug|Any CPU.Build.0 = Debug|Any CPU
		{A0B5C2D8-0061-4399-BAA2-36ACE343D869}.Release|Any CPU.ActiveCfg = Release|Any CPU
		{A0B5C2D8-0061-4399-BAA2-36ACE343D869}.Release|Any CPU.Build.0 = Release|Any CPU
	EndGlobalSection
	GlobalSection(SolutionProperties) = preSolution
		HideSolutionNode = FALSE
	EndGlobalSection
	GlobalSection(ExtensibilityGlobals) = postSolution
		SolutionGuid = {189C6CF0-1A3B-4E05-BEC7-56AF02408A8D}
	EndGlobalSection
EndGlobal
